# This file is automatically @generated by Cargo.
# It is not intended for manual editing.
version = 3

[[package]]
name = "mirage_frontend"
version = "0.1.0"
dependencies = [
 "mirage_frontend_builder",
 "mirage_frontend_config",
 "mirage_frontend_module",
 "mirage_frontend_object",
]

[[package]]
name = "mirage_frontend_builder"
version = "0.1.0"
dependencies = [
 "mirage_frontend_module",
 "mirage_frontend_object",
]

[[package]]
name = "mirage_frontend_config"
version = "0.1.0"

[[package]]
name = "mirage_frontend_module"
version = "0.1.0"
dependencies = [
 "mirage_frontend_object",
]

[[package]]
name = "mirage_frontend_object"
version = "0.1.0"
